// !$*UTF8*$!
{
	archiveVersion = 1;
	classes = {
	};
	objectVersion = 77;
	objects = {

/* Begin PBXContainerItemProxy section */
		547731D02E14177D00C7E760 /* PBXContainerItemProxy */ = {
			isa = PBXContainerItemProxy;
			containerPortal = 547731BA2E14177C00C7E760 /* Project object */;
			proxyType = 1;
			remoteGlobalIDString = 547731C12E14177C00C7E760;
			remoteInfo = BirthdayApp;
		};
		547731DA2E14177D00C7E760 /* PBXContainerItemProxy */ = {
			isa = PBXContainerItemProxy;
			containerPortal = 547731BA2E14177C00C7E760 /* Project object */;
			proxyType = 1;
			remoteGlobalIDString = 547731C12E14177C00C7E760;
			remoteInfo = BirthdayApp;
		};
/* End PBXContainerItemProxy section */

/* Begin PBXFileReference section */
		547731C22E14177C00C7E760 /* BirthdayApp.app */ = {isa = PBXFileReference; explicitFileType = wrapper.application; includeInIndex = 0; path = BirthdayApp.app; sourceTree = BUILT_PRODUCTS_DIR; };
		547731CF2E14177D00C7E760 /* BirthdayAppTests.xctest */ = {isa = PBXFileReference; explicitFileType = wrapper.cfbundle; includeInIndex = 0; path = BirthdayAppTests.xctest; sourceTree = BUILT_PRODUCTS_DIR; };
		547731D92E14177D00C7E760 /* BirthdayAppUITests.xctest */ = {isa = PBXFileReference; explicitFileType = wrapper.cfbundle; includeInIndex = 0; path = BirthdayAppUITests.xctest; sourceTree = BUILT_PRODUCTS_DIR; };
/* End PBXFileReference section */

/* Begin PBXFileSystemSynchronizedRootGroup section */
		547731C42E14177C00C7E760 /* BirthdayApp */ = {
			isa = PBXFileSystemSynchronizedRootGroup;
			path = BirthdayApp;
			sourceTree = "<group>";
		};
		547731D22E14177D00C7E760 /* BirthdayAppTests */ = {
			isa = PBXFileSystemSynchronizedRootGroup;
			path = BirthdayAppTests;
			sourceTree = "<group>";
		};
		547731DC2E14177D00C7E760 /* BirthdayAppUITests */ = {
			isa = PBXFileSystemSynchronizedRootGroup;
			path = BirthdayAppUITests;
			sourceTree = "<group>";
		};
/* End PBXFileSystemSynchronizedRootGroup section */

/* Begin PBXFrameworksBuildPhase section */
		547731BF2E14177C00C7E760 /* Frameworks */ = {
			isa = PBXFrameworksBuildPhase;
			buildActionMask = 2147483647;
			files = (
			);
			runOnlyForDeploymentPostprocessing = 0;
		};
		547731CC2E14177D00C7E760 /* Frameworks */ = {
			isa = PBXFrameworksBuildPhase;
			buildActionMask = 2147483647;
			files = (
			);
			runOnlyForDeploymentPostprocessing = 0;
		};
		547731D62E14177D00C7E760 /* Frameworks */ = {
			isa = PBXFrameworksBuildPhase;
			buildActionMask = 2147483647;
			files = (
			);
			runOnlyForDeploymentPostprocessing = 0;
		};
/* End PBXFrameworksBuildPhase section */

/* Begin PBXGroup section */
		547731B92E14177C00C7E760 = {
			isa = PBXGroup;
			children = (
				547731C42E14177C00C7E760 /* BirthdayApp */,
				547731D22E14177D00C7E760 /* BirthdayAppTests */,
				547731DC2E14177D00C7E760 /* BirthdayAppUITests */,
				547731C32E14177C00C7E760 /* Products */,
			);
			sourceTree = "<group>";
		};
		547731C32E14177C00C7E760 /* Products */ = {
			isa = PBXGroup;
			children = (
				547731C22E14177C00C7E760 /* BirthdayApp.app */,
				547731CF2E14177D00C7E760 /* BirthdayAppTests.xctest */,
				547731D92E14177D00C7E760 /* BirthdayAppUITests.xctest */,
			);
			name = Products;
			sourceTree = "<group>";
		};
/* End PBXGroup section */

/* Begin PBXNativeTarget section */
		547731C12E14177C00C7E760 /* BirthdayApp */ = {
			isa = PBXNativeTarget;
			buildConfigurationList = 547731E32E14177D00C7E760 /* Build configuration list for PBXNativeTarget "BirthdayApp" */;
			buildPhases = (
				547731BE2E14177C00C7E760 /* Sources */,
				547731BF2E14177C00C7E760 /* Frameworks */,
				547731C02E14177C00C7E760 /* Resources */,
			);
			buildRules = (
			);
			dependencies = (
			);
			fileSystemSynchronizedGroups = (
				547731C42E14177C00C7E760 /* BirthdayApp */,
			);
			name = BirthdayApp;
			packageProductDependencies = (
			);
			productName = BirthdayApp;
			productReference = 547731C22E14177C00C7E760 /* BirthdayApp.app */;
			productType = "com.apple.product-type.application";
		};
		547731CE2E14177D00C7E760 /* BirthdayAppTests */ = {
			isa = PBXNativeTarget;
			buildConfigurationList = 547731E62E14177D00C7E760 /* Build configuration list for PBXNativeTarget "BirthdayAppTests" */;
			buildPhases = (
				547731CB2E14177D00C7E760 /* Sources */,
				547731CC2E14177D00C7E760 /* Frameworks */,
				547731CD2E14177D00C7E760 /* Resources */,
			);
			buildRules = (
			);
			dependencies = (
				547731D12E14177D00C7E760 /* PBXTargetDependency */,
			);
			fileSystemSynchronizedGroups = (
				547731D22E14177D00C7E760 /* BirthdayAppTests */,
			);
			name = BirthdayAppTests;
			packageProductDependencies = (
			);
			productName = BirthdayAppTests;
			productReference = 547731CF2E14177D00C7E760 /* BirthdayAppTests.xctest */;
			productType = "com.apple.product-type.bundle.unit-test";
		};
		547731D82E14177D00C7E760 /* BirthdayAppUITests */ = {
			isa = PBXNativeTarget;
			buildConfigurationList = 547731E92E14177D00C7E760 /* Build configuration list for PBXNativeTarget "BirthdayAppUITests" */;
			buildPhases = (
				547731D52E14177D00C7E760 /* Sources */,
				547731D62E14177D00C7E760 /* Frameworks */,
				547731D72E14177D00C7E760 /* Resources */,
			);
			buildRules = (
			);
			dependencies = (
				547731DB2E14177D00C7E760 /* PBXTargetDependency */,
			);
			fileSystemSynchronizedGroups = (
				547731DC2E14177D00C7E760 /* BirthdayAppUITests */,
			);
			name = BirthdayAppUITests;
			packageProductDependencies = (
			);
			productName = BirthdayAppUITests;
			productReference = 547731D92E14177D00C7E760 /* BirthdayAppUITests.xctest */;
			productType = "com.apple.product-type.bundle.ui-testing";
		};
/* End PBXNativeTarget section */

/* Begin PBXProject section */
		547731BA2E14177C00C7E760 /* Project object */ = {
			isa = PBXProject;
			attributes = {
				BuildIndependentTargetsInParallel = 1;
				LastSwiftUpdateCheck = 1630;
				LastUpgradeCheck = 1630;
				TargetAttributes = {
					547731C12E14177C00C7E760 = {
						CreatedOnToolsVersion = 16.3;
					};
					547731CE2E14177D00C7E760 = {
						CreatedOnToolsVersion = 16.3;
						TestTargetID = 547731C12E14177C00C7E760;
					};
					547731D82E14177D00C7E760 = {
						CreatedOnToolsVersion = 16.3;
						TestTargetID = 547731C12E14177C00C7E760;
					};
				};
			};
			buildConfigurationList = 547731BD2E14177C00C7E760 /* Build configuration list for PBXProject "BirthdayApp" */;
			developmentRegion = en;
			hasScannedForEncodings = 0;
			knownRegions = (
				en,
				Base,
			);
			mainGroup = 547731B92E14177C00C7E760;
			minimizedProjectReferenceProxies = 1;
			preferredProjectObjectVersion = 77;
			productRefGroup = 547731C32E14177C00C7E760 /* Products */;
			projectDirPath = "";
			projectRoot = "";
			targets = (
				547731C12E14177C00C7E760 /* BirthdayApp */,
				547731CE2E14177D00C7E760 /* BirthdayAppTests */,
				547731D82E14177D00C7E760 /* BirthdayAppUITests */,
			);
		};
/* End PBXProject section */

/* Begin PBXResourcesBuildPhase section */
		547731C02E14177C00C7E760 /* Resources */ = {
			isa = PBXResourcesBuildPhase;
			buildActionMask = 2147483647;
			files = (
			);
			runOnlyForDeploymentPostprocessing = 0;
		};
		547731CD2E14177D00C7E760 /* Resources */ = {
			isa = PBXResourcesBuildPhase;
			buildActionMask = 2147483647;
			files = (
			);
			runOnlyForDeploymentPostprocessing = 0;
		};
		547731D72E14177D00C7E760 /* Resources */ = {
			isa = PBXResourcesBuildPhase;
			buildActionMask = 2147483647;
			files = (
			);
			runOnlyForDeploymentPostprocessing = 0;
		};
/* End PBXResourcesBuildPhase section */

/* Begin PBXSourcesBuildPhase section */
		547731BE2E14177C00C7E760 /* Sources */ = {
			isa = PBXSourcesBuildPhase;
			buildActionMask = 2147483647;
			files = (
			);
			runOnlyForDeploymentPostprocessing = 0;
		};
		547731CB2E14177D00C7E760 /* Sources */ = {
			isa = PBXSourcesBuildPhase;
			buildActionMask = 2147483647;
			files = (
			);
			runOnlyForDeploymentPostprocessing = 0;
		};
		547731D52E14177D00C7E760 /* Sources */ = {
			isa = PBXSourcesBuildPhase;
			buildActionMask = 2147483647;
			files = (
			);
			runOnlyForDeploymentPostprocessing = 0;
		};
/* End PBXSourcesBuildPhase section */

/* Begin PBXTargetDependency section */
		547731D12E14177D00C7E760 /* PBXTargetDependency */ = {
			isa = PBXTargetDependency;
			target = 547731C12E14177C00C7E760 /* BirthdayApp */;
			targetProxy = 547731D02E14177D00C7E760 /* PBXContainerItemProxy */;
		};
		547731DB2E14177D00C7E760 /* PBXTargetDependency */ = {
			isa = PBXTargetDependency;
			target = 547731C12E14177C00C7E760 /* BirthdayApp */;
			targetProxy = 547731DA2E14177D00C7E760 /* PBXContainerItemProxy */;
		};
/* End PBXTargetDependency section */

/* Begin XCBuildConfiguration section */
		547731E12E14177D00C7E760 /* Debug */ = {
			isa = XCBuildConfiguration;
			buildSettings = {
				ALWAYS_SEARCH_USER_PATHS = NO;
				ASSETCATALOG_COMPILER_GENERATE_SWIFT_ASSET_SYMBOL_EXTENSIONS = YES;
				CLANG_ANALYZER_NONNULL = YES;
				CLANG_ANALYZER_NUMBER_OBJECT_CONVERSION = YES_AGGRESSIVE;
				CLANG_CXX_LANGUAGE_STANDARD = "gnu++20";
				CLANG_ENABLE_MODULES = YES;
				CLANG_ENABLE_OBJC_ARC = YES;
				CLANG_ENABLE_OBJC_WEAK = YES;
				CLANG_WARN_BLOCK_CAPTURE_AUTORELEASING = YES;
				CLANG_WARN_BOOL_CONVERSION = YES;
				CLANG_WARN_COMMA = YES;
				CLANG_WARN_CONSTANT_CONVERSION = YES;
				CLANG_WARN_DEPRECATED_OBJC_IMPLEMENTATIONS = YES;
				CLANG_WARN_DIRECT_OBJC_ISA_USAGE = YES_ERROR;
				CLANG_WARN_DOCUMENTATION_COMMENTS = YES;
				CLANG_WARN_EMPTY_BODY = YES;
				CLANG_WARN_ENUM_CONVERSION = YES;
				CLANG_WARN_INFINITE_RECURSION = YES;
				CLANG_WARN_INT_CONVERSION = YES;
				CLANG_WARN_NON_LITERAL_NULL_CONVERSION = YES;
				CLANG_WARN_OBJC_IMPLICIT_RETAIN_SELF = YES;
				CLANG_WARN_OBJC_LITERAL_CONVERSION = YES;
				CLANG_WARN_OBJC_ROOT_CLASS = YES_ERROR;
				CLANG_WARN_QUOTED_INCLUDE_IN_FRAMEWORK_HEADER = YES;
				CLANG_WARN_RANGE_LOOP_ANALYSIS = YES;
				CLANG_WARN_STRICT_PROTOTYPES = YES;
				CLANG_WARN_SUSPICIOUS_MOVE = YES;
				CLANG_WARN_UNGUARDED_AVAILABILITY = YES_AGGRESSIVE;
				CLANG_WARN_UNREACHABLE_CODE = YES;
				CLANG_WARN__DUPLICATE_METHOD_MATCH = YES;
				COPY_PHASE_STRIP = NO;
				DEBUG_INFORMATION_FORMAT = dwarf;
				DEVELOPMENT_TEAM = 744VW4YN96;
				ENABLE_STRICT_OBJC_MSGSEND = YES;
				ENABLE_TESTABILITY = YES;
				ENABLE_USER_SCRIPT_SANDBOXING = YES;
				GCC_C_LANGUAGE_STANDARD = gnu17;
				GCC_DYNAMIC_NO_PIC = NO;
				GCC_NO_COMMON_BLOCKS = YES;
				GCC_OPTIMIZATION_LEVEL = 0;
				GCC_PREPROCESSOR_DEFINITIONS = (
					"DEBUG=1",
					"$(inherited)",
				);
				GCC_WARN_64_TO_32_BIT_CONVERSION = YES;
				GCC_WARN_ABOUT_RETURN_TYPE = YES_ERROR;
				GCC_WARN_UNDECLARED_SELECTOR = YES;
				GCC_WARN_UNINITIALIZED_AUTOS = YES_AGGRESSIVE;
				GCC_WARN_UNUSED_FUNCTION = YES;
				GCC_WARN_UNUSED_VARIABLE = YES;
				IPHONEOS_DEPLOYMENT_TARGET = 18.4;
				LOCALIZATION_PREFERS_STRING_CATALOGS = YES;
				MTL_ENABLE_DEBUG_INFO = INCLUDE_SOURCE;
				MTL_FAST_MATH = YES;
				ONLY_ACTIVE_ARCH = YES;
				SDKROOT = iphoneos;
				SWIFT_ACTIVE_COMPILATION_CONDITIONS = "DEBUG $(inherited)";
				SWIFT_OPTIMIZATION_LEVEL = "-Onone";
			};
			name = Debug;
		};
		547731E22E14177D00C7E760 /* Release */ = {
			isa = XCBuildConfiguration;
			buildSettings = {
				ALWAYS_SEARCH_USER_PATHS = NO;
				ASSETCATALOG_COMPILER_GENERATE_SWIFT_ASSET_SYMBOL_EXTENSIONS = YES;
				CLANG_ANALYZER_NONNULL = YES;
				CLANG_ANALYZER_NUMBER_OBJECT_CONVERSION = YES_AGGRESSIVE;
				CLANG_CXX_LANGUAGE_STANDARD = "gnu++20";
				CLANG_ENABLE_MODULES = YES;
				CLANG_ENABLE_OBJC_ARC = YES;
				CLANG_ENABLE_OBJC_WEAK = YES;
				CLANG_WARN_BLOCK_CAPTURE_AUTORELEASING = YES;
				CLANG_WARN_BOOL_CONVERSION = YES;
				CLANG_WARN_COMMA = YES;
				CLANG_WARN_CONSTANT_CONVERSION = YES;
				CLANG_WARN_DEPRECATED_OBJC_IMPLEMENTATIONS = YES;
				CLANG_WARN_DIRECT_OBJC_ISA_USAGE = YES_ERROR;
				CLANG_WARN_DOCUMENTATION_COMMENTS = YES;
				CLANG_WARN_EMPTY_BODY = YES;
				CLANG_WARN_ENUM_CONVERSION = YES;
				CLANG_WARN_INFINITE_RECURSION = YES;
				CLANG_WARN_INT_CONVERSION = YES;
				CLANG_WARN_NON_LITERAL_NULL_CONVERSION = YES;
				CLANG_WARN_OBJC_IMPLICIT_RETAIN_SELF = YES;
				CLANG_WARN_OBJC_LITERAL_CONVERSION = YES;
				CLANG_WARN_OBJC_ROOT_CLASS = YES_ERROR;
				CLANG_WARN_QUOTED_INCLUDE_IN_FRAMEWORK_HEADER = YES;
				CLANG_WARN_RANGE_LOOP_ANALYSIS = YES;
				CLANG_WARN_STRICT_PROTOTYPES = YES;
				CLANG_WARN_SUSPICIOUS_MOVE = YES;
				CLANG_WARN_UNGUARDED_AVAILABILITY = YES_AGGRESSIVE;
				CLANG_WARN_UNREACHABLE_CODE = YES;
				CLANG_WARN__DUPLICATE_METHOD_MATCH = YES;
				COPY_PHASE_STRIP = NO;
				DEBUG_INFORMATION_FORMAT = "dwarf-with-dsym";
				DEVELOPMENT_TEAM = 744VW4YN96;
				ENABLE_NS_ASSERTIONS = NO;
				ENABLE_STRICT_OBJC_MSGSEND = YES;
				ENABLE_USER_SCRIPT_SANDBOXING = YES;
				GCC_C_LANGUAGE_STANDARD = gnu17;
				GCC_NO_COMMON_BLOCKS = YES;
				GCC_WARN_64_TO_32_BIT_CONVERSION = YES;
				GCC_WARN_ABOUT_RETURN_TYPE = YES_ERROR;
				GCC_WARN_UNDECLARED_SELECTOR = YES;
				GCC_WARN_UNINITIALIZED_AUTOS = YES_AGGRESSIVE;
				GCC_WARN_UNUSED_FUNCTION = YES;
				GCC_WARN_UNUSED_VARIABLE = YES;
				IPHONEOS_DEPLOYMENT_TARGET = 18.4;
				LOCALIZATION_PREFERS_STRING_CATALOGS = YES;
				MTL_ENABLE_DEBUG_INFO = NO;
				MTL_FAST_MATH = YES;
				SDKROOT = iphoneos;
				SWIFT_COMPILATION_MODE = wholemodule;
				VALIDATE_PRODUCT = YES;
			};
			name = Release;
		};
		547731E42E14177D00C7E760 /* Debug */ = {
			isa = XCBuildConfiguration;
			buildSettings = {
				ASSETCATALOG_COMPILER_APPICON_NAME = AppIcon;
				ASSETCATALOG_COMPILER_GLOBAL_ACCENT_COLOR_NAME = AccentColor;
				CODE_SIGN_STYLE = Automatic;
				CURRENT_PROJECT_VERSION = 1;
				DEVELOPMENT_TEAM = 744VW4YN96;
				ENABLE_PREVIEWS = YES;
				GENERATE_INFOPLIST_FILE = YES;
				INFOPLIST_KEY_NSCameraUsageDescription = "Please, provide acess to camera";
				INFOPLIST_KEY_NSPhotoLibraryUsageDescription = "Please, provide acess to library";
				INFOPLIST_KEY_UIApplicationSceneManifest_Generation = YES;
				INFOPLIST_KEY_UIApplicationSupportsIndirectInputEvents = YES;
				INFOPLIST_KEY_UILaunchScreen_Generation = YES;
				INFOPLIST_KEY_UISupportedInterfaceOrientations = UIInterfaceOrientationPortrait;
				IPHONEOS_DEPLOYMENT_TARGET = 17.0;
				LD_RUNPATH_SEARCH_PATHS = (
					"$(inherited)",
					"@executable_path/Frameworks",
				);
				MARKETING_VERSION = 1.0;
				PRODUCT_BUNDLE_IDENTIFIER = anna.kyrylenko.BirthdayApp;
				PRODUCT_NAME = "$(TARGET_NAME)";
				SWIFT_EMIT_LOC_STRINGS = YES;
				SWIFT_VERSION = 6.0;
				TARGETED_DEVICE_FAMILY = "1,2";
			};
			name = Debug;
		};
		547731E52E14177D00C7E760 /* Release */ = {
			isa = XCBuildConfiguration;
			buildSettings = {
				ASSETCATALOG_COMPILER_APPICON_NAME = AppIcon;
				ASSETCATALOG_COMPILER_GLOBAL_ACCENT_COLOR_NAME = AccentColor;
				CODE_SIGN_STYLE = Automatic;
				CURRENT_PROJECT_VERSION = 1;
				DEVELOPMENT_TEAM = 744VW4YN96;
				ENABLE_PREVIEWS = YES;
				GENERATE_INFOPLIST_FILE = YES;
				INFOPLIST_KEY_NSCameraUsageDescription = "Please, provide acess to camera";
				INFOPLIST_KEY_NSPhotoLibraryUsageDescription = "Please, provide acess to library";
				INFOPLIST_KEY_UIApplicationSceneManifest_Generation = YES;
				INFOPLIST_KEY_UIApplicationSupportsIndirectInputEvents = YES;
				INFOPLIST_KEY_UILaunchScreen_Generation = YES;
				INFOPLIST_KEY_UISupportedInterfaceOrientations = UIInterfaceOrientationPortrait;
				IPHONEOS_DEPLOYMENT_TARGET = 17.0;
				LD_RUNPATH_SEARCH_PATHS = (
					"$(inherited)",
					"@executable_path/Frameworks",
				);
				MARKETING_VERSION = 1.0;
				PRODUCT_BUNDLE_IDENTIFIER = anna.kyrylenko.BirthdayApp;
				PRODUCT_NAME = "$(TARGET_NAME)";
				SWIFT_EMIT_LOC_STRINGS = YES;
				SWIFT_VERSION = 6.0;
				TARGETED_DEVICE_FAMILY = "1,2";
			};
			name = Release;
		};
		547731E72E14177D00C7E760 /* Debug */ = {
			isa = XCBuildConfiguration;
			buildSettings = {
				BUNDLE_LOADER = "$(TEST_HOST)";
				CODE_SIGN_STYLE = Automatic;
				CURRENT_PROJECT_VERSION = 1;
				DEVELOPMENT_TEAM = 744VW4YN96;
				GENERATE_INFOPLIST_FILE = YES;
				IPHONEOS_DEPLOYMENT_TARGET = 18.4;
				MARKETING_VERSION = 1.0;
				PRODUCT_BUNDLE_IDENTIFIER = anna.kyrylenko.BirthdayAppTests;
				PRODUCT_NAME = "$(TARGET_NAME)";
				SWIFT_EMIT_LOC_STRINGS = NO;
				SWIFT_VERSION = 5.0;
				TARGETED_DEVICE_FAMILY = "1,2";
				TEST_HOST = "$(BUILT_PRODUCTS_DIR)/BirthdayApp.app/$(BUNDLE_EXECUTABLE_FOLDER_PATH)/BirthdayApp";
			};
			name = Debug;
		};
		547731E82E14177D00C7E760 /* Release */ = {
			isa = XCBuildConfiguration;
			buildSettings = {
				BUNDLE_LOADER = "$(TEST_HOST)";
				CODE_SIGN_STYLE = Automatic;
				CURRENT_PROJECT_VERSION = 1;
				DEVELOPMENT_TEAM = 744VW4YN96;
				GENERATE_INFOPLIST_FILE = YES;
				IPHONEOS_DEPLOYMENT_TARGET = 18.4;
				MARKETING_VERSION = 1.0;
				PRODUCT_BUNDLE_IDENTIFIER = anna.kyrylenko.BirthdayAppTests;
				PRODUCT_NAME = "$(TARGET_NAME)";
				SWIFT_EMIT_LOC_STRINGS = NO;
				SWIFT_VERSION = 5.0;
				TARGETED_DEVICE_FAMILY = "1,2";
				TEST_HOST = "$(BUILT_PRODUCTS_DIR)/BirthdayApp.app/$(BUNDLE_EXECUTABLE_FOLDER_PATH)/BirthdayApp";
			};
			name = Release;
		};
		547731EA2E14177D00C7E760 /* Debug */ = {
			isa = XCBuildConfiguration;
			buildSettings = {
				CODE_SIGN_STYLE = Automatic;
				CURRENT_PROJECT_VERSION = 1;
				DEVELOPMENT_TEAM = 744VW4YN96;
				GENERATE_INFOPLIST_FILE = YES;
				MARKETING_VERSION = 1.0;
				PRODUCT_BUNDLE_IDENTIFIER = anna.kyrylenko.BirthdayAppUITests;
				PRODUCT_NAME = "$(TARGET_NAME)";
				SWIFT_EMIT_LOC_STRINGS = NO;
				SWIFT_VERSION = 5.0;
				TARGETED_DEVICE_FAMILY = "1,2";
				TEST_TARGET_NAME = BirthdayApp;
			};
			name = Debug;
		};
		547731EB2E14177D00C7E760 /* Release */ = {
			isa = XCBuildConfiguration;
			buildSettings = {
				CODE_SIGN_STYLE = Automatic;
				CURRENT_PROJECT_VERSION = 1;
				DEVELOPMENT_TEAM = 744VW4YN96;
				GENERATE_INFOPLIST_FILE = YES;
				MARKETING_VERSION = 1.0;
				PRODUCT_BUNDLE_IDENTIFIER = anna.kyrylenko.BirthdayAppUITests;
				PRODUCT_NAME = "$(TARGET_NAME)";
				SWIFT_EMIT_LOC_STRINGS = NO;
				SWIFT_VERSION = 5.0;
				TARGETED_DEVICE_FAMILY = "1,2";
				TEST_TARGET_NAME = BirthdayApp;
			};
			name = Release;
		};
/* End XCBuildConfiguration section */

/* Begin XCConfigurationList section */
		547731BD2E14177C00C7E760 /* Build configuration list for PBXProject "BirthdayApp" */ = {
			isa = XCConfigurationList;
			buildConfigurations = (
				547731E12E14177D00C7E760 /* Debug */,
				547731E22E14177D00C7E760 /* Release */,
			);
			defaultConfigurationIsVisible = 0;
			defaultConfigurationName = Release;
		};
		547731E32E14177D00C7E760 /* Build configuration list for PBXNativeTarget "BirthdayApp" */ = {
			isa = XCConfigurationList;
			buildConfigurations = (
				547731E42E14177D00C7E760 /* Debug */,
				547731E52E14177D00C7E760 /* Release */,
			);
			defaultConfigurationIsVisible = 0;
			defaultConfigurationName = Release;
		};
		547731E62E14177D00C7E760 /* Build configuration list for PBXNativeTarget "BirthdayAppTests" */ = {
			isa = XCConfigurationList;
			buildConfigurations = (
				547731E72E14177D00C7E760 /* Debug */,
				547731E82E14177D00C7E760 /* Release */,
			);
			defaultConfigurationIsVisible = 0;
			defaultConfigurationName = Release;
		};
		547731E92E14177D00C7E760 /* Build configuration list for PBXNativeTarget "BirthdayAppUITests" */ = {
			isa = XCConfigurationList;
			buildConfigurations = (
				547731EA2E14177D00C7E760 /* Debug */,
				547731EB2E14177D00C7E760 /* Release */,
			);
			defaultConfigurationIsVisible = 0;
			defaultConfigurationName = Release;
		};
/* End XCConfigurationList section */
	};
	rootObject = 547731BA2E14177C00C7E760 /* Project object */;
}
